
Microsoft Visual Studio Solution File, Format Version 12.00
# Visual Studio Version 17
VisualStudioVersion = 17.8.34316.72
MinimumVisualStudioVersion = 10.0.40219.1
Project("{FAE04EC0-301F-11D3-BF4B-00C04F79EFBC}") = "VolumeWheelFE", "VolumeWheelFE\VolumeWheelFE.csproj", "{127E7FA9-EF42-4928-90FB-7829B5A88DB1}"
EndProject
Global
	GlobalSection(SolutionConfigurationPlatforms) = preSolution
		Build|Any CPU = Build|Any CPU
		Build|x64 = Build|x64
		Debug|Any CPU = Debug|Any CPU
		Debug|x64 = Debug|x64
		Release|Any CPU = Release|Any CPU
		Release|x64 = Release|x64
	EndGlobalSection
	GlobalSection(ProjectConfigurationPlatforms) = postSolution
		{127E7FA9-EF42-4928-90FB-7829B5A88DB1}.Build|Any CPU.ActiveCfg = Build|Any CPU
		{127E7FA9-EF42-4928-90FB-7829B5A88DB1}.Build|Any CPU.Build.0 = Build|Any CPU
		{127E7FA9-EF42-4928-90FB-7829B5A88DB1}.Build|x64.ActiveCfg = Build|x64
		{127E7FA9-EF42-4928-90FB-7829B5A88DB1}.Build|x64.Build.0 = Build|x64
		{127E7FA9-EF42-4928-90FB-7829B5A88DB1}.Debug|Any CPU.ActiveCfg = Debug|Any CPU
		{127E7FA9-EF42-4928-90FB-7829B5A88DB1}.Debug|Any CPU.Build.0 = Debug|Any CPU
		{127E7FA9-EF42-4928-90FB-7829B5A88DB1}.Debug|x64.ActiveCfg = Debug|x64
		{127E7FA9-EF42-4928-90FB-7829B5A88DB1}.Debug|x64.Build.0 = Debug|x64
		{127E7FA9-EF42-4928-90FB-7829B5A88DB1}.Release|Any CPU.ActiveCfg = Release|Any CPU
		{127E7FA9-EF42-4928-90FB-7829B5A88DB1}.Release|Any CPU.Build.0 = Release|Any CPU
		{127E7FA9-EF42-4928-90FB-7829B5A88DB1}.Release|x64.ActiveCfg = Release|x64
		{127E7FA9-EF42-4928-90FB-7829B5A88DB1}.Release|x64.Build.0 = Release|x64
	EndGlobalSection
	GlobalSection(SolutionProperties) = preSolution
		HideSolutionNode = FALSE
	EndGlobalSection
	GlobalSection(ExtensibilityGlobals) = postSolution
		SolutionGuid = {B305672F-9641-4F56-ABC1-3420C60E26CB}
	EndGlobalSection
EndGlobal
